// !$*UTF8*$!
{
	archiveVersion = 1;
	classes = {
	};
	objectVersion = 77;
	objects = {

/* Begin PBXContainerItemProxy section */
		E273CBF62FB337BD000BBFC1 /* PBXContainerItemProxy */ = {
			isa = PBXContainerItemProxy;
			containerPortal = E2D376312FB100170009617F /* Project object */;
			proxyType = 1;
			remoteGlobalIDString = E2D376382FB100170009617F;
			remoteInfo = BelarusianPoets;
		};
		E273CC052FB337D6000BBFC1 /* PBXContainerItemProxy */ = {
			isa = PBXContainerItemProxy;
			containerPortal = E2D376312FB100170009617F /* Project object */;
			proxyType = 1;
			remoteGlobalIDString = E2D376382FB100170009617F;
			remoteInfo = BelarusianPoets;
		};
/* End PBXContainerItemProxy section */

/* Begin PBXFileReference section */
		E273CBF22FB337BD000BBFC1 /* BelarusianPoetsTests.xctest */ = {isa = PBXFileReference; explicitFileType = wrapper.cfbundle; includeInIndex = 0; path = BelarusianPoetsTests.xctest; sourceTree = BUILT_PRODUCTS_DIR; };
		E273CBFF2FB337D6000BBFC1 /* BelarusianPoetsUITests.xctest */ = {isa = PBXFileReference; explicitFileType = wrapper.cfbundle; includeInIndex = 0; path = BelarusianPoetsUITests.xctest; sourceTree = BUILT_PRODUCTS_DIR; };
		E2D376392FB100170009617F /* BelarusianPoets.app */ = {isa = PBXFileReference; explicitFileType = wrapper.application; includeInIndex = 0; path = BelarusianPoets.app; sourceTree = BUILT_PRODUCTS_DIR; };
/* End PBXFileReference section */

/* Begin PBXFileSystemSynchronizedBuildFileExceptionSet section */
		E2D3764B2FB100190009617F /* Exceptions for "BelarusianPoets" folder in "BelarusianPoets" target */ = {
			isa = PBXFileSystemSynchronizedBuildFileExceptionSet;
			membershipExceptions = (
				Info.plist,
			);
			target = E2D376382FB100170009617F /* BelarusianPoets */;
		};
/* End PBXFileSystemSynchronizedBuildFileExceptionSet section */

/* Begin PBXFileSystemSynchronizedRootGroup section */
		E273CBF32FB337BD000BBFC1 /* BelarusianPoetsTests */ = {
			isa = PBXFileSystemSynchronizedRootGroup;
			path = BelarusianPoetsTests;
			sourceTree = "<group>";
		};
		E273CC002FB337D6000BBFC1 /* BelarusianPoetsUITests */ = {
			isa = PBXFileSystemSynchronizedRootGroup;
			path = BelarusianPoetsUITests;
			sourceTree = "<group>";
		};
		E2D3763B2FB100170009617F /* BelarusianPoets */ = {
			isa = PBXFileSystemSynchronizedRootGroup;
			exceptions = (
				E2D3764B2FB100190009617F /* Exceptions for "BelarusianPoets" folder in "BelarusianPoets" target */,
			);
			path = BelarusianPoets;
			sourceTree = "<group>";
		};
/* End PBXFileSystemSynchronizedRootGroup section */

/* Begin PBXFrameworksBuildPhase section */
		E273CBEF2FB337BD000BBFC1 /* Frameworks */ = {
			isa = PBXFrameworksBuildPhase;
			buildActionMask = 2147483647;
			files = (
			);
			runOnlyForDeploymentPostprocessing = 0;
		};
		E273CBFC2FB337D6000BBFC1 /* Frameworks */ = {
			isa = PBXFrameworksBuildPhase;
			buildActionMask = 2147483647;
			files = (
			);
			runOnlyForDeploymentPostprocessing = 0;
		};
		E2D376362FB100170009617F /* Frameworks */ = {
			isa = PBXFrameworksBuildPhase;
			buildActionMask = 2147483647;
			files = (
			);
			runOnlyForDeploymentPostprocessing = 0;
		};
/* End PBXFrameworksBuildPhase section */

/* Begin PBXGroup section */
		E2D376302FB100170009617F = {
			isa = PBXGroup;
			children = (
				E2D3763B2FB100170009617F /* BelarusianPoets */,
				E273CBF32FB337BD000BBFC1 /* BelarusianPoetsTests */,
				E273CC002FB337D6000BBFC1 /* BelarusianPoetsUITests */,
				E2D3763A2FB100170009617F /* Products */,
			);
			sourceTree = "<group>";
		};
		E2D3763A2FB100170009617F /* Products */ = {
			isa = PBXGroup;
			children = (
				E2D376392FB100170009617F /* BelarusianPoets.app */,
				E273CBF22FB337BD000BBFC1 /* BelarusianPoetsTests.xctest */,
				E273CBFF2FB337D6000BBFC1 /* BelarusianPoetsUITests.xctest */,
			);
			name = Products;
			sourceTree = "<group>";
		};
/* End PBXGroup section */

/* Begin PBXNativeTarget section */
		E273CBF12FB337BD000BBFC1 /* BelarusianPoetsTests */ = {
			isa = PBXNativeTarget;
			buildConfigurationList = E273CBF82FB337BD000BBFC1 /* Build configuration list for PBXNativeTarget "BelarusianPoetsTests" */;
			buildPhases = (
				E273CBEE2FB337BD000BBFC1 /* Sources */,
				E273CBEF2FB337BD000BBFC1 /* Frameworks */,
				E273CBF02FB337BD000BBFC1 /* Resources */,
			);
			buildRules = (
			);
			dependencies = (
				E273CBF72FB337BD000BBFC1 /* PBXTargetDependency */,
			);
			fileSystemSynchronizedGroups = (
				E273CBF32FB337BD000BBFC1 /* BelarusianPoetsTests */,
			);
			name = BelarusianPoetsTests;
			packageProductDependencies = (
			);
			productName = BelarusianPoetsTests;
			productReference = E273CBF22FB337BD000BBFC1 /* BelarusianPoetsTests.xctest */;
			productType = "com.apple.product-type.bundle.unit-test";
		};
		E273CBFE2FB337D6000BBFC1 /* BelarusianPoetsUITests */ = {
			isa = PBXNativeTarget;
			buildConfigurationList = E273CC072FB337D6000BBFC1 /* Build configuration list for PBXNativeTarget "BelarusianPoetsUITests" */;
			buildPhases = (
				E273CBFB2FB337D6000BBFC1 /* Sources */,
				E273CBFC2FB337D6000BBFC1 /* Frameworks */,
				E273CBFD2FB337D6000BBFC1 /* Resources */,
			);
			buildRules = (
			);
			dependencies = (
				E273CC062FB337D6000BBFC1 /* PBXTargetDependency */,
			);
			fileSystemSynchronizedGroups = (
				E273CC002FB337D6000BBFC1 /* BelarusianPoetsUITests */,
			);
			name = BelarusianPoetsUITests;
			packageProductDependencies = (
			);
			productName = BelarusianPoetsUITests;
			productReference = E273CBFF2FB337D6000BBFC1 /* BelarusianPoetsUITests.xctest */;
			productType = "com.apple.product-type.bundle.ui-testing";
		};
		E2D376382FB100170009617F /* BelarusianPoets */ = {
			isa = PBXNativeTarget;
			buildConfigurationList = E2D3764C2FB100190009617F /* Build configuration list for PBXNativeTarget "BelarusianPoets" */;
			buildPhases = (
				E2D376352FB100170009617F /* Sources */,
				E2D376362FB100170009617F /* Frameworks */,
				E2D376372FB100170009617F /* Resources */,
			);
			buildRules = (
			);
			dependencies = (
			);
			fileSystemSynchronizedGroups = (
				E2D3763B2FB100170009617F /* BelarusianPoets */,
			);
			name = BelarusianPoets;
			packageProductDependencies = (
			);
			productName = BelarusianPoets;
			productReference = E2D376392FB100170009617F /* BelarusianPoets.app */;
			productType = "com.apple.product-type.application";
		};
/* End PBXNativeTarget section */

/* Begin PBXProject section */
		E2D376312FB100170009617F /* Project object */ = {
			isa = PBXProject;
			attributes = {
				BuildIndependentTargetsInParallel = 1;
				LastSwiftUpdateCheck = 2600;
				LastUpgradeCheck = 2600;
				TargetAttributes = {
					E273CBF12FB337BD000BBFC1 = {
						CreatedOnToolsVersion = 26.0;
						TestTargetID = E2D376382FB100170009617F;
					};
					E273CBFE2FB337D6000BBFC1 = {
						CreatedOnToolsVersion = 26.0;
						TestTargetID = E2D376382FB100170009617F;
					};
					E2D376382FB100170009617F = {
						CreatedOnToolsVersion = 26.0;
					};
				};
			};
			buildConfigurationList = E2D376342FB100170009617F /* Build configuration list for PBXProject "BelarusianPoets" */;
			developmentRegion = en;
			hasScannedForEncodings = 0;
			knownRegions = (
				en,
				Base,
				ru,
				be,
			);
			mainGroup = E2D376302FB100170009617F;
			minimizedProjectReferenceProxies = 1;
			preferredProjectObjectVersion = 77;
			productRefGroup = E2D3763A2FB100170009617F /* Products */;
			projectDirPath = "";
			projectRoot = "";
			targets = (
				E2D376382FB100170009617F /* BelarusianPoets */,
				E273CBF12FB337BD000BBFC1 /* BelarusianPoetsTests */,
				E273CBFE2FB337D6000BBFC1 /* BelarusianPoetsUITests */,
			);
		};
/* End PBXProject section */

/* Begin PBXResourcesBuildPhase section */
		E273CBF02FB337BD000BBFC1 /* Resources */ = {
			isa = PBXResourcesBuildPhase;
			buildActionMask = 2147483647;
			files = (
			);
			runOnlyForDeploymentPostprocessing = 0;
		};
		E273CBFD2FB337D6000BBFC1 /* Resources */ = {
			isa = PBXResourcesBuildPhase;
			buildActionMask = 2147483647;
			files = (
			);
			runOnlyForDeploymentPostprocessing = 0;
		};
		E2D376372FB100170009617F /* Resources */ = {
			isa = PBXResourcesBuildPhase;
			buildActionMask = 2147483647;
			files = (
			);
			runOnlyForDeploymentPostprocessing = 0;
		};
/* End PBXResourcesBuildPhase section */

/* Begin PBXSourcesBuildPhase section */
		E273CBEE2FB337BD000BBFC1 /* Sources */ = {
			isa = PBXSourcesBuildPhase;
			buildActionMask = 2147483647;
			files = (
			);
			runOnlyForDeploymentPostprocessing = 0;
		};
		E273CBFB2FB337D6000BBFC1 /* Sources */ = {
			isa = PBXSourcesBuildPhase;
			buildActionMask = 2147483647;
			files = (
			);
			runOnlyForDeploymentPostprocessing = 0;
		};
		E2D376352FB100170009617F /* Sources */ = {
			isa = PBXSourcesBuildPhase;
			buildActionMask = 2147483647;
			files = (
			);
			runOnlyForDeploymentPostprocessing = 0;
		};
/* End PBXSourcesBuildPhase section */

/* Begin PBXTargetDependency section */
		E273CBF72FB337BD000BBFC1 /* PBXTargetDependency */ = {
			isa = PBXTargetDependency;
			target = E2D376382FB100170009617F /* BelarusianPoets */;
			targetProxy = E273CBF62FB337BD000BBFC1 /* PBXContainerItemProxy */;
		};
		E273CC062FB337D6000BBFC1 /* PBXTargetDependency */ = {
			isa = PBXTargetDependency;
			target = E2D376382FB100170009617F /* BelarusianPoets */;
			targetProxy = E273CC052FB337D6000BBFC1 /* PBXContainerItemProxy */;
		};
/* End PBXTargetDependency section */

/* Begin XCBuildConfiguration section */
		E273CBF92FB337BD000BBFC1 /* Debug */ = {
			isa = XCBuildConfiguration;
			buildSettings = {
				BUNDLE_LOADER = "$(TEST_HOST)";
				CODE_SIGN_STYLE = Automatic;
				CURRENT_PROJECT_VERSION = 1;
				DEVELOPMENT_TEAM = 36UW957XN9;
				GENERATE_INFOPLIST_FILE = YES;
				MARKETING_VERSION = 1.0;
				PRODUCT_BUNDLE_IDENTIFIER = com.elizavetakudinova.BelarusianPoetsTests;
				PRODUCT_NAME = "$(TARGET_NAME)";
				STRING_CATALOG_GENERATE_SYMBOLS = NO;
				SWIFT_APPROACHABLE_CONCURRENCY = YES;
				SWIFT_EMIT_LOC_STRINGS = NO;
				SWIFT_UPCOMING_FEATURE_MEMBER_IMPORT_VISIBILITY = YES;
				SWIFT_VERSION = 5.0;
				TARGETED_DEVICE_FAMILY = "1,2";
				TEST_HOST = "$(BUILT_PRODUCTS_DIR)/BelarusianPoets.app/$(BUNDLE_EXECUTABLE_FOLDER_PATH)/BelarusianPoets";
			};
			name = Debug;
		};
		E273CBFA2FB337BD000BBFC1 /* Release */ = {
			isa = XCBuildConfiguration;
			buildSettings = {
				BUNDLE_LOADER = "$(TEST_HOST)";
				CODE_SIGN_STYLE = Automatic;
				CURRENT_PROJECT_VERSION = 1;
				DEVELOPMENT_TEAM = 36UW957XN9;
				GENERATE_INFOPLIST_FILE = YES;
				MARKETING_VERSION = 1.0;
				PRODUCT_BUNDLE_IDENTIFIER = com.elizavetakudinova.BelarusianPoetsTests;
				PRODUCT_NAME = "$(TARGET_NAME)";
				STRING_CATALOG_GENERATE_SYMBOLS = NO;
				SWIFT_APPROACHABLE_CONCURRENCY = YES;
				SWIFT_EMIT_LOC_STRINGS = NO;
				SWIFT_UPCOMING_FEATURE_MEMBER_IMPORT_VISIBILITY = YES;
				SWIFT_VERSION = 5.0;
				TARGETED_DEVICE_FAMILY = "1,2";
				TEST_HOST = "$(BUILT_PRODUCTS_DIR)/BelarusianPoets.app/$(BUNDLE_EXECUTABLE_FOLDER_PATH)/BelarusianPoets";
			};
			name = Release;
		};
		E273CC082FB337D6000BBFC1 /* Debug */ = {
			isa = XCBuildConfiguration;
			buildSettings = {
				CODE_SIGN_STYLE = Automatic;
				CURRENT_PROJECT_VERSION = 1;
				DEVELOPMENT_TEAM = 36UW957XN9;
				GENERATE_INFOPLIST_FILE = YES;
				MARKETING_VERSION = 1.0;
				PRODUCT_BUNDLE_IDENTIFIER = com.elizavetakudinova.BelarusianPoetsUITests;
				PRODUCT_NAME = "$(TARGET_NAME)";
				STRING_CATALOG_GENERATE_SYMBOLS = NO;
				SWIFT_APPROACHABLE_CONCURRENCY = YES;
				SWIFT_EMIT_LOC_STRINGS = NO;
				SWIFT_UPCOMING_FEATURE_MEMBER_IMPORT_VISIBILITY = YES;
				SWIFT_VERSION = 5.0;
				TARGETED_DEVICE_FAMILY = "1,2";
				TEST_TARGET_NAME = BelarusianPoets;
			};
			name = Debug;
		};
		E273CC092FB337D6000BBFC1 /* Release */ = {
			isa = XCBuildConfiguration;
			buildSettings = {
				CODE_SIGN_STYLE = Automatic;
				CURRENT_PROJECT_VERSION = 1;
				DEVELOPMENT_TEAM = 36UW957XN9;
				GENERATE_INFOPLIST_FILE = YES;
				MARKETING_VERSION = 1.0;
				PRODUCT_BUNDLE_IDENTIFIER = com.elizavetakudinova.BelarusianPoetsUITests;
				PRODUCT_NAME = "$(TARGET_NAME)";
				STRING_CATALOG_GENERATE_SYMBOLS = NO;
				SWIFT_APPROACHABLE_CONCURRENCY = YES;
				SWIFT_EMIT_LOC_STRINGS = NO;
				SWIFT_UPCOMING_FEATURE_MEMBER_IMPORT_VISIBILITY = YES;
				SWIFT_VERSION = 5.0;
				TARGETED_DEVICE_FAMILY = "1,2";
				TEST_TARGET_NAME = BelarusianPoets;
			};
			name = Release;
		};
		E2D3764D2FB100190009617F /* Debug */ = {
			isa = XCBuildConfiguration;
			buildSettings = {
				ASSETCATALOG_COMPILER_APPICON_NAME = AppIcon;
				ASSETCATALOG_COMPILER_GLOBAL_ACCENT_COLOR_NAME = AccentColor;
				CODE_SIGN_STYLE = Automatic;
				CURRENT_PROJECT_VERSION = 1;
				DEVELOPMENT_TEAM = 36UW957XN9;
				GENERATE_INFOPLIST_FILE = YES;
				INFOPLIST_FILE = BelarusianPoets/Info.plist;
				INFOPLIST_KEY_UIApplicationSupportsIndirectInputEvents = YES;
				INFOPLIST_KEY_UILaunchStoryboardName = LaunchScreen;
				INFOPLIST_KEY_UIMainStoryboardFile = Main;
				INFOPLIST_KEY_UISupportedInterfaceOrientations_iPad = "UIInterfaceOrientationPortrait UIInterfaceOrientationPortraitUpsideDown UIInterfaceOrientationLandscapeLeft UIInterfaceOrientationLandscapeRight";
				INFOPLIST_KEY_UISupportedInterfaceOrientations_iPhone = "UIInterfaceOrientationPortrait UIInterfaceOrientationLandscapeLeft UIInterfaceOrientationLandscapeRight";
				LD_RUNPATH_SEARCH_PATHS = (
					"$(inherited)",
					"@executable_path/Frameworks",
				);
				MARKETING_VERSION = 1.0;
				PRODUCT_BUNDLE_IDENTIFIER = com.elizavetakudinova.BelarusianPoets;
				PRODUCT_NAME = "$(TARGET_NAME)";
				STRING_CATALOG_GENERATE_SYMBOLS = YES;
				SWIFT_APPROACHABLE_CONCURRENCY = YES;
				SWIFT_DEFAULT_ACTOR_ISOLATION = MainActor;
				SWIFT_EMIT_LOC_STRINGS = YES;
				SWIFT_UPCOMING_FEATURE_MEMBER_IMPORT_VISIBILITY = YES;
				SWIFT_VERSION = 5.0;
				TARGETED_DEVICE_FAMILY = "1,2";
			};
			name = Debug;
		};
		E2D3764E2FB100190009617F /* Release */ = {
			isa = XCBuildConfiguration;
			buildSettings = {
				ASSETCATALOG_COMPILER_APPICON_NAME = AppIcon;
				ASSETCATALOG_COMPILER_GLOBAL_ACCENT_COLOR_NAME = AccentColor;
				CODE_SIGN_STYLE = Automatic;
				CURRENT_PROJECT_VERSION = 1;
				DEVELOPMENT_TEAM = 36UW957XN9;
				GENERATE_INFOPLIST_FILE = YES;
				INFOPLIST_FILE = BelarusianPoets/Info.plist;
				INFOPLIST_KEY_UIApplicationSupportsIndirectInputEvents = YES;
				INFOPLIST_KEY_UILaunchStoryboardName = LaunchScreen;
				INFOPLIST_KEY_UIMainStoryboardFile = Main;
				INFOPLIST_KEY_UISupportedInterfaceOrientations_iPad = "UIInterfaceOrientationPortrait UIInterfaceOrientationPortraitUpsideDown UIInterfaceOrientationLandscapeLeft UIInterfaceOrientationLandscapeRight";
				INFOPLIST_KEY_UISupportedInterfaceOrientations_iPhone = "UIInterfaceOrientationPortrait UIInterfaceOrientationLandscapeLeft UIInterfaceOrientationLandscapeRight";
				LD_RUNPATH_SEARCH_PATHS = (
					"$(inherited)",
					"@executable_path/Frameworks",
				);
				MARKETING_VERSION = 1.0;
				PRODUCT_BUNDLE_IDENTIFIER = com.elizavetakudinova.BelarusianPoets;
				PRODUCT_NAME = "$(TARGET_NAME)";
				STRING_CATALOG_GENERATE_SYMBOLS = YES;
				SWIFT_APPROACHABLE_CONCURRENCY = YES;
				SWIFT_DEFAULT_ACTOR_ISOLATION = MainActor;
				SWIFT_EMIT_LOC_STRINGS = YES;
				SWIFT_UPCOMING_FEATURE_MEMBER_IMPORT_VISIBILITY = YES;
				SWIFT_VERSION = 5.0;
				TARGETED_DEVICE_FAMILY = "1,2";
			};
			name = Release;
		};
		E2D3764F2FB100190009617F /* Debug */ = {
			isa = XCBuildConfiguration;
			buildSettings = {
				ALWAYS_SEARCH_USER_PATHS = NO;
				ASSETCATALOG_COMPILER_GENERATE_SWIFT_ASSET_SYMBOL_EXTENSIONS = YES;
				CLANG_ANALYZER_LOCALIZABILITY_NONLOCALIZED = YES;
				CLANG_ANALYZER_NONNULL = YES;
				CLANG_ANALYZER_NUMBER_OBJECT_CONVERSION = YES_AGGRESSIVE;
				CLANG_CXX_LANGUAGE_STANDARD = "gnu++20";
				CLANG_ENABLE_MODULES = YES;
				CLANG_ENABLE_OBJC_ARC = YES;
				CLANG_ENABLE_OBJC_WEAK = YES;
				CLANG_WARN_BLOCK_CAPTURE_AUTORELEASING = YES;
				CLANG_WARN_BOOL_CONVERSION = YES;
				CLANG_WARN_COMMA = YES;
				CLANG_WARN_CONSTANT_CONVERSION = YES;
				CLANG_WARN_DEPRECATED_OBJC_IMPLEMENTATIONS = YES;
				CLANG_WARN_DIRECT_OBJC_ISA_USAGE = YES_ERROR;
				CLANG_WARN_DOCUMENTATION_COMMENTS = YES;
				CLANG_WARN_EMPTY_BODY = YES;
				CLANG_WARN_ENUM_CONVERSION = YES;
				CLANG_WARN_INFINITE_RECURSION = YES;
				CLANG_WARN_INT_CONVERSION = YES;
				CLANG_WARN_NON_LITERAL_NULL_CONVERSION = YES;
				CLANG_WARN_OBJC_IMPLICIT_RETAIN_SELF = YES;
				CLANG_WARN_OBJC_LITERAL_CONVERSION = YES;
				CLANG_WARN_OBJC_ROOT_CLASS = YES_ERROR;
				CLANG_WARN_QUOTED_INCLUDE_IN_FRAMEWORK_HEADER = YES;
				CLANG_WARN_RANGE_LOOP_ANALYSIS = YES;
				CLANG_WARN_STRICT_PROTOTYPES = YES;
				CLANG_WARN_SUSPICIOUS_MOVE = YES;
				CLANG_WARN_UNGUARDED_AVAILABILITY = YES_AGGRESSIVE;
				CLANG_WARN_UNREACHABLE_CODE = YES;
				CLANG_WARN__DUPLICATE_METHOD_MATCH = YES;
				COPY_PHASE_STRIP = NO;
				DEBUG_INFORMATION_FORMAT = dwarf;
				DEVELOPMENT_TEAM = 36UW957XN9;
				ENABLE_STRICT_OBJC_MSGSEND = YES;
				ENABLE_TESTABILITY = YES;
				ENABLE_USER_SCRIPT_SANDBOXING = YES;
				GCC_C_LANGUAGE_STANDARD = gnu17;
				GCC_DYNAMIC_NO_PIC = NO;
				GCC_NO_COMMON_BLOCKS = YES;
				GCC_OPTIMIZATION_LEVEL = 0;
				GCC_PREPROCESSOR_DEFINITIONS = (
					"DEBUG=1",
					"$(inherited)",
				);
				GCC_WARN_64_TO_32_BIT_CONVERSION = YES;
				GCC_WARN_ABOUT_RETURN_TYPE = YES_ERROR;
				GCC_WARN_UNDECLARED_SELECTOR = YES;
				GCC_WARN_UNINITIALIZED_AUTOS = YES_AGGRESSIVE;
				GCC_WARN_UNUSED_FUNCTION = YES;
				GCC_WARN_UNUSED_VARIABLE = YES;
				IPHONEOS_DEPLOYMENT_TARGET = 26.0;
				LOCALIZATION_PREFERS_STRING_CATALOGS = YES;
				MTL_ENABLE_DEBUG_INFO = INCLUDE_SOURCE;
				MTL_FAST_MATH = YES;
				ONLY_ACTIVE_ARCH = YES;
				SDKROOT = iphoneos;
				SWIFT_ACTIVE_COMPILATION_CONDITIONS = "DEBUG $(inherited)";
				SWIFT_OPTIMIZATION_LEVEL = "-Onone";
			};
			name = Debug;
		};
		E2D376502FB100190009617F /* Release */ = {
			isa = XCBuildConfiguration;
			buildSettings = {
				ALWAYS_SEARCH_USER_PATHS = NO;
				ASSETCATALOG_COMPILER_GENERATE_SWIFT_ASSET_SYMBOL_EXTENSIONS = YES;
				CLANG_ANALYZER_LOCALIZABILITY_NONLOCALIZED = YES;
				CLANG_ANALYZER_NONNULL = YES;
				CLANG_ANALYZER_NUMBER_OBJECT_CONVERSION = YES_AGGRESSIVE;
				CLANG_CXX_LANGUAGE_STANDARD = "gnu++20";
				CLANG_ENABLE_MODULES = YES;
				CLANG_ENABLE_OBJC_ARC = YES;
				CLANG_ENABLE_OBJC_WEAK = YES;
				CLANG_WARN_BLOCK_CAPTURE_AUTORELEASING = YES;
				CLANG_WARN_BOOL_CONVERSION = YES;
				CLANG_WARN_COMMA = YES;
				CLANG_WARN_CONSTANT_CONVERSION = YES;
				CLANG_WARN_DEPRECATED_OBJC_IMPLEMENTATIONS = YES;
				CLANG_WARN_DIRECT_OBJC_ISA_USAGE = YES_ERROR;
				CLANG_WARN_DOCUMENTATION_COMMENTS = YES;
				CLANG_WARN_EMPTY_BODY = YES;
				CLANG_WARN_ENUM_CONVERSION = YES;
				CLANG_WARN_INFINITE_RECURSION = YES;
				CLANG_WARN_INT_CONVERSION = YES;
				CLANG_WARN_NON_LITERAL_NULL_CONVERSION = YES;
				CLANG_WARN_OBJC_IMPLICIT_RETAIN_SELF = YES;
				CLANG_WARN_OBJC_LITERAL_CONVERSION = YES;
				CLANG_WARN_OBJC_ROOT_CLASS = YES_ERROR;
				CLANG_WARN_QUOTED_INCLUDE_IN_FRAMEWORK_HEADER = YES;
				CLANG_WARN_RANGE_LOOP_ANALYSIS = YES;
				CLANG_WARN_STRICT_PROTOTYPES = YES;
				CLANG_WARN_SUSPICIOUS_MOVE = YES;
				CLANG_WARN_UNGUARDED_AVAILABILITY = YES_AGGRESSIVE;
				CLANG_WARN_UNREACHABLE_CODE = YES;
				CLANG_WARN__DUPLICATE_METHOD_MATCH = YES;
				COPY_PHASE_STRIP = NO;
				DEBUG_INFORMATION_FORMAT = "dwarf-with-dsym";
				DEVELOPMENT_TEAM = 36UW957XN9;
				ENABLE_NS_ASSERTIONS = NO;
				ENABLE_STRICT_OBJC_MSGSEND = YES;
				ENABLE_USER_SCRIPT_SANDBOXING = YES;
				GCC_C_LANGUAGE_STANDARD = gnu17;
				GCC_NO_COMMON_BLOCKS = YES;
				GCC_WARN_64_TO_32_BIT_CONVERSION = YES;
				GCC_WARN_ABOUT_RETURN_TYPE = YES_ERROR;
				GCC_WARN_UNDECLARED_SELECTOR = YES;
				GCC_WARN_UNINITIALIZED_AUTOS = YES_AGGRESSIVE;
				GCC_WARN_UNUSED_FUNCTION = YES;
				GCC_WARN_UNUSED_VARIABLE = YES;
				IPHONEOS_DEPLOYMENT_TARGET = 26.0;
				LOCALIZATION_PREFERS_STRING_CATALOGS = YES;
				MTL_ENABLE_DEBUG_INFO = NO;
				MTL_FAST_MATH = YES;
				SDKROOT = iphoneos;
				SWIFT_COMPILATION_MODE = wholemodule;
				VALIDATE_PRODUCT = YES;
			};
			name = Release;
		};
/* End XCBuildConfiguration section */

/* Begin XCConfigurationList section */
		E273CBF82FB337BD000BBFC1 /* Build configuration list for PBXNativeTarget "BelarusianPoetsTests" */ = {
			isa = XCConfigurationList;
			buildConfigurations = (
				E273CBF92FB337BD000BBFC1 /* Debug */,
				E273CBFA2FB337BD000BBFC1 /* Release */,
			);
			defaultConfigurationIsVisible = 0;
			defaultConfigurationName = Release;
		};
		E273CC072FB337D6000BBFC1 /* Build configuration list for PBXNativeTarget "BelarusianPoetsUITests" */ = {
			isa = XCConfigurationList;
			buildConfigurations = (
				E273CC082FB337D6000BBFC1 /* Debug */,
				E273CC092FB337D6000BBFC1 /* Release */,
			);
			defaultConfigurationIsVisible = 0;
			defaultConfigurationName = Release;
		};
		E2D376342FB100170009617F /* Build configuration list for PBXProject "BelarusianPoets" */ = {
			isa = XCConfigurationList;
			buildConfigurations = (
				E2D3764F2FB100190009617F /* Debug */,
				E2D376502FB100190009617F /* Release */,
			);
			defaultConfigurationIsVisible = 0;
			defaultConfigurationName = Release;
		};
		E2D3764C2FB100190009617F /* Build configuration list for PBXNativeTarget "BelarusianPoets" */ = {
			isa = XCConfigurationList;
			buildConfigurations = (
				E2D3764D2FB100190009617F /* Debug */,
				E2D3764E2FB100190009617F /* Release */,
			);
			defaultConfigurationIsVisible = 0;
			defaultConfigurationName = Release;
		};
/* End XCConfigurationList section */
	};
	rootObject = E2D376312FB100170009617F /* Project object */;
}
